github.com/DATA-DOG/go-sqlmock v1.5.2 h1:OcvFkGmslmlZibjAjaHm3L//6LiuBgolP7OputlJIzU=
github.com/DATA-DOG/go-sqlmock v1.5.2/go.mod h1:88MAG/4G7SMwSE3CeA0ZKzrT5CiOU3OJ+JlNzwDqpNU=
github.com/davecgh/go-spew v1.1.1 h1:vj9j/u1bqnvCEfJOwUhtlOARqs3+rkHYY13jYWTU97c=
github.com/davecgh/go-spew v1.1.1/go.mod h1:J7Y8YcW2NihsgmVo/mv3lAwl/skON4iLHjSsI+c5H38=
github.com/go-chi/chi/v5 v5.0.12 h1:9euLV5sTrTNTRUU9POmDUvfxyj6LAABLUcEWO+JJb4s=
github.com/go-chi/chi/v5 v5.0.12/go.mod h1:DslCQbL2OYiznFReuXYUmQ2hGd1aDpCnlMNITLSKoi8=
github.com/gosimple/slug v1.13.1 h1:bQ+kpX9Qa6tHRaK+fZR0A0M2Kd7Pa5eHPPsb1JpHD+Q=
github.com/gosimple/slug v1.13.1/go.mod h1:UiRaFH+GEilHstLUmcBgWcI42viBN7mAb818JrYOeFQ=
github.com/gosimple/unidecode v1.0.1 h1:hZzFTMMqSswvf0LBJZCZgThIZrpDHFXux9KeGmn6T/o=
github.com/gosimple/unidecode v1.0.1/go.mod h1:CP0Cr1Y1kogOtx0bJblKzsVWrqYaqfNOnHzpgWw4Awc=
github.com/humweb/go-tables v0.0.6 h1:N75qI1m+svb87ZRJhAIYCKghpre3HMy2mSXT8g93WMg=
github.com/humweb/go-tables v0.0.6/go.mod h1:e+JxxP3MI2e24A2dKIJ1d3MBn6TH3hnqOpqGePAc0Pg=
github.com/humweb/inertia-go v0.0.4 h1:00+inIG2cQCfMcntFHT1x5eRB9fqD4MtWMxgqhgUFbk=
github.com/humweb/inertia-go v0.0.4/go.mod h1:tifX/Vnk09olpZ02AdrwWR94ebO5POqiZHLAWbzvC88=
github.com/jackc/pgpassfile v1.0.0 h1:/6Hmqy13Ss2zCq62VdNG8tM1wchn8zjSGOBJ6icpsIM=
github.com/jackc/pgpassfile v1.0.0/go.mod h1:CEx0iS5ambNFdcRtxPj5JhEz+xB6uRky5eyVu/W2HEg=
github.com/jackc/pgservicefile v0.0.0-20221227161230-091c0ba34f0a h1:bbPeKD0xmW/Y25WS6cokEszi5g+S0QxI/d45PkRi7Nk=
github.com/jackc/pgservicefile v0.0.0-20221227161230-091c0ba34f0a/go.mod h1:5TJZWKEWniPve33vlWYSoGYefn3gLQRzjfDlhSJ9ZKM=
github.com/jackc/pgx/v5 v5.4.3 h1:cxFyXhxlvAifxnkKKdlxv8XqUf59tDlYjnV5YYfsJJY=
github.com/jackc/pgx/v5 v5.4.3/go.mod h1:Ig06C2Vu0t5qXC60W8sqIthScaEnFvojjj9dSljmHRA=
github.com/jaswdr/faker/v2 v2.1.0 h1:WH3gmTasNM2UctjTFAGpItyLkzei+Z48hG0VIKL1sAw=
github.com/jaswdr/faker/v2 v2.1.0/go.mod h1:ROK8xwQV0hYOLDUtxCQgHGcl10jbVzIvqHxcIDdwY2Q=
github.com/jinzhu/inflection v1.0.0 h1:K317FqzuhWc8YvSVlFMCCUb36O/S9MCKRDI7QkRKD/E=
github.com/jinzhu/inflection v1.0.0/go.mod h1:h+uFLlag+Qp1Va5pdKtLDYj+kHp5pxUVkryuEj+Srlc=
github.com/jinzhu/now v1.1.5 h1:/o9tlHleP7gOFmsnYNz3RGnqzefHA47wQpKrrdTIwXQ=
github.com/jinzhu/now v1.1.5/go.mod h1:d3SSVoowX0Lcu0IBviAWJpolVfI5UJVZZ7cO71lE/z8=
github.com/joho/godotenv v1.5.1 h1:7eLL/+HRGLY0ldzfGMeQkb7vMd0as4CfYvUVzLqw0N0=
github.com/joho/godotenv v1.5.1/go.mod h1:f4LDr5Voq0i2e/R5DDNOoa2zzDfwtkZa6DnEwAbqwq4=
github.com/mattn/go-sqlite3 v1.14.17 h1:mCRHCLDUBXgpKAqIKsaAaAsrAlbkeomtRFKXh2L6YIM=
github.com/mattn/go-sqlite3 v1.14.17/go.mod h1:2eHXhiwb8IkHr+BDWZGa96P6+rkvnG63S2DGjv9HUNg=
github.com/pmezard/go-difflib v1.0.0 h1:4DBwDE0NGyQoBHbLQYPwSUPoCMWR5BEzIk/f1lZbAQM=
github.com/pmezard/go-difflib v1.0.0/go.mod h1:iKH77koFhYxTK1pcRnkKkqfTogsbg7gZNVY4sRDYZ/4=
github.com/stretchr/testify v1.8.4 h1:CcVxjf3Q8PM0mHUKJCdn+eZZtm5yQwehR5yeSVQQcUk=
github.com/stretchr/testify v1.8.4/go.mod h1:sz/lmYIOXD/1dqDmKjjqLyZ2RngseejIcXlSw2iwfAo=
golang.org/x/crypto v0.17.0 h1:r8bRNjWL3GshPW3gkd+RpvzWrZAwPS49OmTGZ/uhM4k=
golang.org/x/crypto v0.17.0/go.mod h1:gCAAfMLgwOJRpTjQ2zCCt2OcSfYMTeZVSRtQlPC7Nq4=
golang.org/x/text v0.14.0 h1:ScX5w1eTa3QqT8oi6+ziP7dTV1S2+ALU0bI+0zXKWiQ=
golang.org/x/text v0.14.0/go.mod h1:18ZOQIKpY8NJVqYksKHtTdi31H5itFRjB5/qKTNYzSU=
gopkg.in/yaml.v3 v3.0.1 h1:fxVm/GzAzEWqLHuvctI91KS9hhNmmWOoWu0XTYJS7CA=
gopkg.in/yaml.v3 v3.0.1/go.mod h1:K4uyk7z7BCEPqu6E+C64Yfv1cQ7kz7rIZviUmN+EgEM=
gorm.io/driver/postgres v1.5.4 h1:Iyrp9Meh3GmbSuyIAGyjkN+n9K+GHX9b9MqsTL4EJCo=
gorm.io/driver/postgres v1.5.4/go.mod h1:Bgo89+h0CRcdA33Y6frlaHHVuTdOf87pmyzwW9C/BH0=
gorm.io/driver/sqlite v1.5.5 h1:7MDMtUZhV065SilG62E0MquljeArQZNfJnjd9i9gx3E=
gorm.io/driver/sqlite v1.5.5/go.mod h1:6NgQ7sQWAIFsPrJJl1lSNSu2TABh0ZZ/zm5fosATavE=
gorm.io/gorm v1.25.7-0.20240204074919-46816ad31dde h1:9DShaph9qhkIYw7QF91I/ynrr4cOO2PZra2PFD7Mfeg=
gorm.io/gorm v1.25.7-0.20240204074919-46816ad31dde/go.mod h1:hbnx/Oo0ChWMn1BIhpy1oYozzpM15i4YPuHDmfYtwg8=
